<?xml version="1.0" encoding="utf-8"?>
<Project ToolsVersion="4.0" xmlns="http://schemas.microsoft.com/developer/msbuild/2003">
  <ItemGroup>
    <Filter Include="main">
      <UniqueIdentifier>{548764d4-e5ed-46ec-b239-5b1e376127e6}</UniqueIdentifier>
    </Filter>
    <Filter Include="json">
      <UniqueIdentifier>{0cf05b4f-dc69-46c8-b6a4-80b03ebccb30}</UniqueIdentifier>
    </Filter>
    <Filter Include="hud">
      <UniqueIdentifier>{e43e275a-01f8-4531-ac56-53c997939b11}</UniqueIdentifier>
    </Filter>
    <Filter Include="utils">
      <UniqueIdentifier>{57964728-2ec4-48e1-8d6b-1126b914fabf}</UniqueIdentifier>
    </Filter>
    <Filter Include="components">
      <UniqueIdentifier>{9d0c197b-55fa-4156-b6a0-f09d3498d95c}</UniqueIdentifier>
    </Filter>
    <Filter Include="resources">
      <UniqueIdentifier>{389ba328-c0d9-4c01-bf62-682a021a20b7}</UniqueIdentifier>
    </Filter>
    <Filter Include="components\base">
      <UniqueIdentifier>{56e2ddff-6db3-475a-ad65-cd0d208320f5}</UniqueIdentifier>
    </Filter>
    <Filter Include="components\content">
      <UniqueIdentifier>{011c879c-6419-439a-9175-d43c0fd23254}</UniqueIdentifier>
    </Filter>
    <Filter Include="movement">
      <UniqueIdentifier>{28e77cc8-c118-4725-9381-72ed2490fab8}</UniqueIdentifier>
    </Filter>
  </ItemGroup>
  <ItemGroup>
    <ClCompile Include="main\main.cpp">
      <Filter>main</Filter>
    </ClCompile>
    <ClCompile Include="hud\HudWindow.cpp">
      <Filter>hud</Filter>
    </ClCompile>
    <ClCompile Include="utils\Utils.cpp">
      <Filter>utils</Filter>
    </ClCompile>
    <ClCompile Include="pch.cpp" />
    <ClCompile Include="components\base\BagComponent.cpp">
      <Filter>components\base</Filter>
    </ClCompile>
    <ClCompile Include="components\base\BlankComponent.cpp">
      <Filter>components\base</Filter>
    </ClCompile>
    <ClCompile Include="components\base\Component.cpp">
      <Filter>components\base</Filter>
    </ClCompile>
    <ClCompile Include="components\base\PaddedComponent.cpp">
      <Filter>components\base</Filter>
    </ClCompile>
    <ClCompile Include="components\base\SingleChildComponent.cpp">
      <Filter>components\base</Filter>
    </ClCompile>
    <ClCompile Include="components\base\SizedComponent.cpp">
      <Filter>components\base</Filter>
    </ClCompile>
    <ClCompile Include="components\content\TestComponent.cpp">
      <Filter>components\content</Filter>
    </ClCompile>
    <ClCompile Include="components\content\FourCornersComponent.cpp">
      <Filter>components\content</Filter>
    </ClCompile>
    <ClCompile Include="components\base\MultipleChildrenComponent.cpp">
      <Filter>components\base</Filter>
    </ClCompile>
    <ClCompile Include="components\base\StackComponent.cpp">
      <Filter>components\base</Filter>
    </ClCompile>
    <ClCompile Include="movement\CubicBezier.cpp">
      <Filter>movement</Filter>
    </ClCompile>
    <ClCompile Include="movement\LinearMovementFunction.cpp">
      <Filter>movement</Filter>
    </ClCompile>
    <ClCompile Include="movement\CubicBezierMovementFunction.cpp">
      <Filter>movement</Filter>
    </ClCompile>
  </ItemGroup>
  <ItemGroup>
    <ClInclude Include="json\json.hpp">
      <Filter>json</Filter>
    </ClInclude>
    <ClInclude Include="hud\HudWindow.h">
      <Filter>hud</Filter>
    </ClInclude>
    <ClInclude Include="utils\Utils.h">
      <Filter>utils</Filter>
    </ClInclude>
    <ClInclude Include="pch.h" />
    <ClInclude Include="resources\CommonResources.h">
      <Filter>resources</Filter>
    </ClInclude>
    <ClInclude Include="components\base\BagComponent.h">
      <Filter>components\base</Filter>
    </ClInclude>
    <ClInclude Include="components\base\BlankComponent.h">
      <Filter>components\base</Filter>
    </ClInclude>
    <ClInclude Include="components\base\Component.h">
      <Filter>components\base</Filter>
    </ClInclude>
    <ClInclude Include="components\base\PaddedComponent.h">
      <Filter>components\base</Filter>
    </ClInclude>
    <ClInclude Include="components\base\SingleChildComponent.h">
      <Filter>components\base</Filter>
    </ClInclude>
    <ClInclude Include="components\base\SizedComponent.h">
      <Filter>components\base</Filter>
    </ClInclude>
    <ClInclude Include="components\content\TestComponent.h">
      <Filter>components\content</Filter>
    </ClInclude>
    <ClInclude Include="components\content\FourCornersComponent.h">
      <Filter>components\content</Filter>
    </ClInclude>
    <ClInclude Include="components\base\MultipleChildrenComponent.h">
      <Filter>components\base</Filter>
    </ClInclude>
    <ClInclude Include="components\base\StackComponent.h">
      <Filter>components\base</Filter>
    </ClInclude>
    <ClInclude Include="components\base\StackComponentChild.h">
      <Filter>components\base</Filter>
    </ClInclude>
    <ClInclude Include="movement\CubicBezier.h">
      <Filter>movement</Filter>
    </ClInclude>
    <ClInclude Include="movement\LinearMovementFunction.h">
      <Filter>movement</Filter>
    </ClInclude>
    <ClInclude Include="movement\MovementFunction.h">
      <Filter>movement</Filter>
    </ClInclude>
    <ClInclude Include="movement\CubicBezierMovementFunction.h">
      <Filter>movement</Filter>
    </ClInclude>
  </ItemGroup>
</Project>